schema: '2.0'
stages:
  prepare-mnist:
    cmd: python3 prepare-mnist.py
    deps:
    - path: ../../data/fashion-mnist/t10k-images-idx3-ubyte.gz
      md5: bef4ecab320f06d8554ea6380940ec79
      size: 4422102
    - path: ../../data/fashion-mnist/t10k-labels-idx1-ubyte.gz
      md5: bb300cfdad3c16e7a12a480ee83cd310
      size: 5148
    - path: ../../data/fashion-mnist/train-images-idx3-ubyte.gz
      md5: 8d4fb7e6c68d591d4c3dfef9ec88bf0d
      size: 26421880
    - path: ../../data/fashion-mnist/train-labels-idx1-ubyte.gz
      md5: 25c81989df183df01b3e8a0aad5dffbe
      size: 29515
    - path: prepare-mnist.py
      md5: 48a8c95b961f1600c947573f07e419ba
      size: 422
    outs:
    - path: ../../data/fashion-mnist/test.pickle
      md5: e86737aa7d8d8f5d588f91f0ed882e1f
      size: 15732309
    - path: ../../data/fashion-mnist/train.pickle
      md5: 1c7f87c1445bd183785e8b20c3d79369
      size: 94393209
  train:
    cmd: dvc push && PYTHONPATH=../../ python3 train-vertex.py
    deps:
    - path: ../../data/fashion-mnist/test.pickle
      md5: e86737aa7d8d8f5d588f91f0ed882e1f
      size: 15732309
    - path: ../../data/fashion-mnist/train.pickle
      md5: 1c7f87c1445bd183785e8b20c3d79369
      size: 94393209
    - path: train-vertex.py
      md5: 13815ab3d3b855d36180a84df14c1a92
      size: 3204
    - path: train.py
      md5: 5f9d037247b3ddcc1eb12c1654ed5b6c
      size: 2366
    params:
      params.yaml:
        train.n_neighbours: 3
    outs:
    - path: vertex_model.json
      md5: 429e1f1480dee16c802fe3f203ad6980
      size: 89
